
Microsoft Visual Studio Solution File, Format Version 12.00
# Visual Studio Version 17
VisualStudioVersion = 17.0.31903.59
MinimumVisualStudioVersion = 10.0.40219.1
Project("{FAE04EC0-301F-11D3-BF4B-00C04F79EFBC}") = "Basketball.API", "Basketball.API\Basketball.API.csproj", "{6DA6173C-5CED-4F38-9C3C-C8F230384105}"
EndProject
Project("{FAE04EC0-301F-11D3-BF4B-00C04F79EFBC}") = "Basketball.Data", "Basketball.Data\Basketball.Data.csproj", "{CE6D5406-A88F-4F4B-92A2-4552DF8F4F93}"
EndProject
Project("{FAE04EC0-301F-11D3-BF4B-00C04F79EFBC}") = "Basketball.Models", "Basketball.Models\Basketball.Models.csproj", "{B1FD569A-4460-4FC8-8636-E9085BD43A60}"
EndProject
Project("{FAE04EC0-301F-11D3-BF4B-00C04F79EFBC}") = "Basketball.Services", "Basketball.Services\Basketball.Services.csproj", "{E45599D2-5580-4469-9CD8-CA225DBAE31A}"
EndProject
Global
	GlobalSection(SolutionConfigurationPlatforms) = preSolution
		Debug|Any CPU = Debug|Any CPU
		Release|Any CPU = Release|Any CPU
	EndGlobalSection
	GlobalSection(SolutionProperties) = preSolution
		HideSolutionNode = FALSE
	EndGlobalSection
	GlobalSection(ProjectConfigurationPlatforms) = postSolution
		{6DA6173C-5CED-4F38-9C3C-C8F230384105}.Debug|Any CPU.ActiveCfg = Debug|Any CPU
		{6DA6173C-5CED-4F38-9C3C-C8F230384105}.Debug|Any CPU.Build.0 = Debug|Any CPU
		{6DA6173C-5CED-4F38-9C3C-C8F230384105}.Release|Any CPU.ActiveCfg = Release|Any CPU
		{6DA6173C-5CED-4F38-9C3C-C8F230384105}.Release|Any CPU.Build.0 = Release|Any CPU
		{CE6D5406-A88F-4F4B-92A2-4552DF8F4F93}.Debug|Any CPU.ActiveCfg = Debug|Any CPU
		{CE6D5406-A88F-4F4B-92A2-4552DF8F4F93}.Debug|Any CPU.Build.0 = Debug|Any CPU
		{CE6D5406-A88F-4F4B-92A2-4552DF8F4F93}.Release|Any CPU.ActiveCfg = Release|Any CPU
		{CE6D5406-A88F-4F4B-92A2-4552DF8F4F93}.Release|Any CPU.Build.0 = Release|Any CPU
		{B1FD569A-4460-4FC8-8636-E9085BD43A60}.Debug|Any CPU.ActiveCfg = Debug|Any CPU
		{B1FD569A-4460-4FC8-8636-E9085BD43A60}.Debug|Any CPU.Build.0 = Debug|Any CPU
		{B1FD569A-4460-4FC8-8636-E9085BD43A60}.Release|Any CPU.ActiveCfg = Release|Any CPU
		{B1FD569A-4460-4FC8-8636-E9085BD43A60}.Release|Any CPU.Build.0 = Release|Any CPU
		{E45599D2-5580-4469-9CD8-CA225DBAE31A}.Debug|Any CPU.ActiveCfg = Debug|Any CPU
		{E45599D2-5580-4469-9CD8-CA225DBAE31A}.Debug|Any CPU.Build.0 = Debug|Any CPU
		{E45599D2-5580-4469-9CD8-CA225DBAE31A}.Release|Any CPU.ActiveCfg = Release|Any CPU
		{E45599D2-5580-4469-9CD8-CA225DBAE31A}.Release|Any CPU.Build.0 = Release|Any CPU
	EndGlobalSection
EndGlobal
